// !$*UTF8*$!
{
	archiveVersion = 1;
	classes = {
	};
	objectVersion = 55;
	objects = {

/* Begin PBXBuildFile section */
		63159E5D2A43D33800409BD2 /* ButtonPage1_Yes.swift in Sources */ = {isa = PBXBuildFile; fileRef = 63159E5C2A43D33800409BD2 /* ButtonPage1_Yes.swift */; };
		63159E5F2A43E07100409BD2 /* ButtonPage1_No.swift in Sources */ = {isa = PBXBuildFile; fileRef = 63159E5E2A43E07100409BD2 /* ButtonPage1_No.swift */; };
		631DAF792A3FE8BB008B5C48 /* GreenLampAppApp.swift in Sources */ = {isa = PBXBuildFile; fileRef = 631DAF782A3FE8BB008B5C48 /* GreenLampAppApp.swift */; };
		631DAF7B2A3FE8BB008B5C48 /* ContentView.swift in Sources */ = {isa = PBXBuildFile; fileRef = 631DAF7A2A3FE8BB008B5C48 /* ContentView.swift */; };
		631DAF7D2A3FE8BD008B5C48 /* Assets.xcassets in Resources */ = {isa = PBXBuildFile; fileRef = 631DAF7C2A3FE8BD008B5C48 /* Assets.xcassets */; };
		631DAF802A3FE8BD008B5C48 /* Preview Assets.xcassets in Resources */ = {isa = PBXBuildFile; fileRef = 631DAF7F2A3FE8BD008B5C48 /* Preview Assets.xcassets */; };
		631DAFA12A3FF197008B5C48 /* ColorExtentsion.swift in Sources */ = {isa = PBXBuildFile; fileRef = 631DAFA02A3FF197008B5C48 /* ColorExtentsion.swift */; };
		631DAFA72A40033F008B5C48 /* ChoosePage1.swift in Sources */ = {isa = PBXBuildFile; fileRef = 631DAFA62A40033F008B5C48 /* ChoosePage1.swift */; };
		6398AE3F2A45296000F89558 /* ButtonCheckPage.swift in Sources */ = {isa = PBXBuildFile; fileRef = 6398AE3E2A45296000F89558 /* ButtonCheckPage.swift */; };
		6398AE412A46BA3D00F89558 /* ButtonCheckPage2.swift in Sources */ = {isa = PBXBuildFile; fileRef = 6398AE402A46BA3D00F89558 /* ButtonCheckPage2.swift */; };
		639ACE5D2A4905C00020CE22 /* NextButtonGr1.swift in Sources */ = {isa = PBXBuildFile; fileRef = 639ACE5C2A4905C00020CE22 /* NextButtonGr1.swift */; };
		639ACE5F2A490ACC0020CE22 /* Content2.swift in Sources */ = {isa = PBXBuildFile; fileRef = 639ACE5E2A490ACC0020CE22 /* Content2.swift */; };
/* End PBXBuildFile section */

/* Begin PBXFileReference section */
		63159E5C2A43D33800409BD2 /* ButtonPage1_Yes.swift */ = {isa = PBXFileReference; lastKnownFileType = sourcecode.swift; path = ButtonPage1_Yes.swift; sourceTree = "<group>"; };
		63159E5E2A43E07100409BD2 /* ButtonPage1_No.swift */ = {isa = PBXFileReference; lastKnownFileType = sourcecode.swift; path = ButtonPage1_No.swift; sourceTree = "<group>"; };
		631DAF752A3FE8BB008B5C48 /* GreenLampApp.app */ = {isa = PBXFileReference; explicitFileType = wrapper.application; includeInIndex = 0; path = GreenLampApp.app; sourceTree = BUILT_PRODUCTS_DIR; };
		631DAF782A3FE8BB008B5C48 /* GreenLampAppApp.swift */ = {isa = PBXFileReference; lastKnownFileType = sourcecode.swift; path = GreenLampAppApp.swift; sourceTree = "<group>"; };
		631DAF7A2A3FE8BB008B5C48 /* ContentView.swift */ = {isa = PBXFileReference; lastKnownFileType = sourcecode.swift; path = ContentView.swift; sourceTree = "<group>"; };
		631DAF7C2A3FE8BD008B5C48 /* Assets.xcassets */ = {isa = PBXFileReference; lastKnownFileType = folder.assetcatalog; path = Assets.xcassets; sourceTree = "<group>"; };
		631DAF7F2A3FE8BD008B5C48 /* Preview Assets.xcassets */ = {isa = PBXFileReference; lastKnownFileType = folder.assetcatalog; path = "Preview Assets.xcassets"; sourceTree = "<group>"; };
		631DAFA02A3FF197008B5C48 /* ColorExtentsion.swift */ = {isa = PBXFileReference; lastKnownFileType = sourcecode.swift; path = ColorExtentsion.swift; sourceTree = "<group>"; };
		631DAFA62A40033F008B5C48 /* ChoosePage1.swift */ = {isa = PBXFileReference; lastKnownFileType = sourcecode.swift; path = ChoosePage1.swift; sourceTree = "<group>"; };
		6398AE3E2A45296000F89558 /* ButtonCheckPage.swift */ = {isa = PBXFileReference; lastKnownFileType = sourcecode.swift; path = ButtonCheckPage.swift; sourceTree = "<group>"; };
		6398AE402A46BA3D00F89558 /* ButtonCheckPage2.swift */ = {isa = PBXFileReference; lastKnownFileType = sourcecode.swift; path = ButtonCheckPage2.swift; sourceTree = "<group>"; };
		639ACE5C2A4905C00020CE22 /* NextButtonGr1.swift */ = {isa = PBXFileReference; lastKnownFileType = sourcecode.swift; path = NextButtonGr1.swift; sourceTree = "<group>"; };
		639ACE5E2A490ACC0020CE22 /* Content2.swift */ = {isa = PBXFileReference; lastKnownFileType = sourcecode.swift; path = Content2.swift; sourceTree = "<group>"; };
/* End PBXFileReference section */

/* Begin PBXFrameworksBuildPhase section */
		631DAF722A3FE8BB008B5C48 /* Frameworks */ = {
			isa = PBXFrameworksBuildPhase;
			buildActionMask = 2147483647;
			files = (
			);
			runOnlyForDeploymentPostprocessing = 0;
		};
/* End PBXFrameworksBuildPhase section */

/* Begin PBXGroup section */
		631DAF6C2A3FE8BB008B5C48 = {
			isa = PBXGroup;
			children = (
				639ACE5E2A490ACC0020CE22 /* Content2.swift */,
				639ACE5C2A4905C00020CE22 /* NextButtonGr1.swift */,
				631DAF772A3FE8BB008B5C48 /* GreenLampApp */,
				631DAF762A3FE8BB008B5C48 /* Products */,
			);
			sourceTree = "<group>";
		};
		631DAF762A3FE8BB008B5C48 /* Products */ = {
			isa = PBXGroup;
			children = (
				631DAF752A3FE8BB008B5C48 /* GreenLampApp.app */,
			);
			name = Products;
			sourceTree = "<group>";
		};
		631DAF772A3FE8BB008B5C48 /* GreenLampApp */ = {
			isa = PBXGroup;
			children = (
				631DAF782A3FE8BB008B5C48 /* GreenLampAppApp.swift */,
				631DAF7A2A3FE8BB008B5C48 /* ContentView.swift */,
				6398AE3E2A45296000F89558 /* ButtonCheckPage.swift */,
				6398AE402A46BA3D00F89558 /* ButtonCheckPage2.swift */,
				63159E5C2A43D33800409BD2 /* ButtonPage1_Yes.swift */,
				63159E5E2A43E07100409BD2 /* ButtonPage1_No.swift */,
				631DAFA62A40033F008B5C48 /* ChoosePage1.swift */,
				631DAFA02A3FF197008B5C48 /* ColorExtentsion.swift */,
				631DAF7C2A3FE8BD008B5C48 /* Assets.xcassets */,
				631DAF7E2A3FE8BD008B5C48 /* Preview Content */,
			);
			path = GreenLampApp;
			sourceTree = "<group>";
		};
		631DAF7E2A3FE8BD008B5C48 /* Preview Content */ = {
			isa = PBXGroup;
			children = (
				631DAF7F2A3FE8BD008B5C48 /* Preview Assets.xcassets */,
			);
			path = "Preview Content";
			sourceTree = "<group>";
		};
/* End PBXGroup section */

/* Begin PBXNativeTarget section */
		631DAF742A3FE8BB008B5C48 /* GreenLampApp */ = {
			isa = PBXNativeTarget;
			buildConfigurationList = 631DAF832A3FE8BD008B5C48 /* Build configuration list for PBXNativeTarget "GreenLampApp" */;
			buildPhases = (
				631DAF712A3FE8BB008B5C48 /* Sources */,
				631DAF722A3FE8BB008B5C48 /* Frameworks */,
				631DAF732A3FE8BB008B5C48 /* Resources */,
			);
			buildRules = (
			);
			dependencies = (
			);
			name = GreenLampApp;
			productName = GreenLampApp;
			productReference = 631DAF752A3FE8BB008B5C48 /* GreenLampApp.app */;
			productType = "com.apple.product-type.application";
		};
/* End PBXNativeTarget section */

/* Begin PBXProject section */
		631DAF6D2A3FE8BB008B5C48 /* Project object */ = {
			isa = PBXProject;
			attributes = {
				BuildIndependentTargetsInParallel = 1;
				LastSwiftUpdateCheck = 1340;
				LastUpgradeCheck = 1340;
				TargetAttributes = {
					631DAF742A3FE8BB008B5C48 = {
						CreatedOnToolsVersion = 13.4.1;
					};
				};
			};
			buildConfigurationList = 631DAF702A3FE8BB008B5C48 /* Build configuration list for PBXProject "GreenLampApp" */;
			compatibilityVersion = "Xcode 13.0";
			developmentRegion = en;
			hasScannedForEncodings = 0;
			knownRegions = (
				en,
				Base,
			);
			mainGroup = 631DAF6C2A3FE8BB008B5C48;
			productRefGroup = 631DAF762A3FE8BB008B5C48 /* Products */;
			projectDirPath = "";
			projectRoot = "";
			targets = (
				631DAF742A3FE8BB008B5C48 /* GreenLampApp */,
			);
		};
/* End PBXProject section */

/* Begin PBXResourcesBuildPhase section */
		631DAF732A3FE8BB008B5C48 /* Resources */ = {
			isa = PBXResourcesBuildPhase;
			buildActionMask = 2147483647;
			files = (
				631DAF802A3FE8BD008B5C48 /* Preview Assets.xcassets in Resources */,
				631DAF7D2A3FE8BD008B5C48 /* Assets.xcassets in Resources */,
			);
			runOnlyForDeploymentPostprocessing = 0;
		};
/* End PBXResourcesBuildPhase section */

/* Begin PBXSourcesBuildPhase section */
		631DAF712A3FE8BB008B5C48 /* Sources */ = {
			isa = PBXSourcesBuildPhase;
			buildActionMask = 2147483647;
			files = (
				631DAF7B2A3FE8BB008B5C48 /* ContentView.swift in Sources */,
				63159E5F2A43E07100409BD2 /* ButtonPage1_No.swift in Sources */,
				6398AE412A46BA3D00F89558 /* ButtonCheckPage2.swift in Sources */,
				631DAFA72A40033F008B5C48 /* ChoosePage1.swift in Sources */,
				639ACE5D2A4905C00020CE22 /* NextButtonGr1.swift in Sources */,
				6398AE3F2A45296000F89558 /* ButtonCheckPage.swift in Sources */,
				639ACE5F2A490ACC0020CE22 /* Content2.swift in Sources */,
				631DAF792A3FE8BB008B5C48 /* GreenLampAppApp.swift in Sources */,
				63159E5D2A43D33800409BD2 /* ButtonPage1_Yes.swift in Sources */,
				631DAFA12A3FF197008B5C48 /* ColorExtentsion.swift in Sources */,
			);
			runOnlyForDeploymentPostprocessing = 0;
		};
/* End PBXSourcesBuildPhase section */

/* Begin XCBuildConfiguration section */
		631DAF812A3FE8BD008B5C48 /* Debug */ = {
			isa = XCBuildConfiguration;
			buildSettings = {
				ALWAYS_SEARCH_USER_PATHS = NO;
				CLANG_ANALYZER_NONNULL = YES;
				CLANG_ANALYZER_NUMBER_OBJECT_CONVERSION = YES_AGGRESSIVE;
				CLANG_CXX_LANGUAGE_STANDARD = "gnu++17";
				CLANG_ENABLE_MODULES = YES;
				CLANG_ENABLE_OBJC_ARC = YES;
				CLANG_ENABLE_OBJC_WEAK = YES;
				CLANG_WARN_BLOCK_CAPTURE_AUTORELEASING = YES;
				CLANG_WARN_BOOL_CONVERSION = YES;
				CLANG_WARN_COMMA = YES;
				CLANG_WARN_CONSTANT_CONVERSION = YES;
				CLANG_WARN_DEPRECATED_OBJC_IMPLEMENTATIONS = YES;
				CLANG_WARN_DIRECT_OBJC_ISA_USAGE = YES_ERROR;
				CLANG_WARN_DOCUMENTATION_COMMENTS = YES;
				CLANG_WARN_EMPTY_BODY = YES;
				CLANG_WARN_ENUM_CONVERSION = YES;
				CLANG_WARN_INFINITE_RECURSION = YES;
				CLANG_WARN_INT_CONVERSION = YES;
				CLANG_WARN_NON_LITERAL_NULL_CONVERSION = YES;
				CLANG_WARN_OBJC_IMPLICIT_RETAIN_SELF = YES;
				CLANG_WARN_OBJC_LITERAL_CONVERSION = YES;
				CLANG_WARN_OBJC_ROOT_CLASS = YES_ERROR;
				CLANG_WARN_QUOTED_INCLUDE_IN_FRAMEWORK_HEADER = YES;
				CLANG_WARN_RANGE_LOOP_ANALYSIS = YES;
				CLANG_WARN_STRICT_PROTOTYPES = YES;
				CLANG_WARN_SUSPICIOUS_MOVE = YES;
				CLANG_WARN_UNGUARDED_AVAILABILITY = YES_AGGRESSIVE;
				CLANG_WARN_UNREACHABLE_CODE = YES;
				CLANG_WARN__DUPLICATE_METHOD_MATCH = YES;
				COPY_PHASE_STRIP = NO;
				DEBUG_INFORMATION_FORMAT = dwarf;
				ENABLE_STRICT_OBJC_MSGSEND = YES;
				ENABLE_TESTABILITY = YES;
				GCC_C_LANGUAGE_STANDARD = gnu11;
				GCC_DYNAMIC_NO_PIC = NO;
				GCC_NO_COMMON_BLOCKS = YES;
				GCC_OPTIMIZATION_LEVEL = 0;
				GCC_PREPROCESSOR_DEFINITIONS = (
					"DEBUG=1",
					"$(inherited)",
				);
				GCC_WARN_64_TO_32_BIT_CONVERSION = YES;
				GCC_WARN_ABOUT_RETURN_TYPE = YES_ERROR;
				GCC_WARN_UNDECLARED_SELECTOR = YES;
				GCC_WARN_UNINITIALIZED_AUTOS = YES_AGGRESSIVE;
				GCC_WARN_UNUSED_FUNCTION = YES;
				GCC_WARN_UNUSED_VARIABLE = YES;
				IPHONEOS_DEPLOYMENT_TARGET = 15.5;
				MTL_ENABLE_DEBUG_INFO = INCLUDE_SOURCE;
				MTL_FAST_MATH = YES;
				ONLY_ACTIVE_ARCH = YES;
				SDKROOT = iphoneos;
				SWIFT_ACTIVE_COMPILATION_CONDITIONS = DEBUG;
				SWIFT_OPTIMIZATION_LEVEL = "-Onone";
			};
			name = Debug;
		};
		631DAF822A3FE8BD008B5C48 /* Release */ = {
			isa = XCBuildConfiguration;
			buildSettings = {
				ALWAYS_SEARCH_USER_PATHS = NO;
				CLANG_ANALYZER_NONNULL = YES;
				CLANG_ANALYZER_NUMBER_OBJECT_CONVERSION = YES_AGGRESSIVE;
				CLANG_CXX_LANGUAGE_STANDARD = "gnu++17";
				CLANG_ENABLE_MODULES = YES;
				CLANG_ENABLE_OBJC_ARC = YES;
				CLANG_ENABLE_OBJC_WEAK = YES;
				CLANG_WARN_BLOCK_CAPTURE_AUTORELEASING = YES;
				CLANG_WARN_BOOL_CONVERSION = YES;
				CLANG_WARN_COMMA = YES;
				CLANG_WARN_CONSTANT_CONVERSION = YES;
				CLANG_WARN_DEPRECATED_OBJC_IMPLEMENTATIONS = YES;
				CLANG_WARN_DIRECT_OBJC_ISA_USAGE = YES_ERROR;
				CLANG_WARN_DOCUMENTATION_COMMENTS = YES;
				CLANG_WARN_EMPTY_BODY = YES;
				CLANG_WARN_ENUM_CONVERSION = YES;
				CLANG_WARN_INFINITE_RECURSION = YES;
				CLANG_WARN_INT_CONVERSION = YES;
				CLANG_WARN_NON_LITERAL_NULL_CONVERSION = YES;
				CLANG_WARN_OBJC_IMPLICIT_RETAIN_SELF = YES;
				CLANG_WARN_OBJC_LITERAL_CONVERSION = YES;
				CLANG_WARN_OBJC_ROOT_CLASS = YES_ERROR;
				CLANG_WARN_QUOTED_INCLUDE_IN_FRAMEWORK_HEADER = YES;
				CLANG_WARN_RANGE_LOOP_ANALYSIS = YES;
				CLANG_WARN_STRICT_PROTOTYPES = YES;
				CLANG_WARN_SUSPICIOUS_MOVE = YES;
				CLANG_WARN_UNGUARDED_AVAILABILITY = YES_AGGRESSIVE;
				CLANG_WARN_UNREACHABLE_CODE = YES;
				CLANG_WARN__DUPLICATE_METHOD_MATCH = YES;
				COPY_PHASE_STRIP = NO;
				DEBUG_INFORMATION_FORMAT = "dwarf-with-dsym";
				ENABLE_NS_ASSERTIONS = NO;
				ENABLE_STRICT_OBJC_MSGSEND = YES;
				GCC_C_LANGUAGE_STANDARD = gnu11;
				GCC_NO_COMMON_BLOCKS = YES;
				GCC_WARN_64_TO_32_BIT_CONVERSION = YES;
				GCC_WARN_ABOUT_RETURN_TYPE = YES_ERROR;
				GCC_WARN_UNDECLARED_SELECTOR = YES;
				GCC_WARN_UNINITIALIZED_AUTOS = YES_AGGRESSIVE;
				GCC_WARN_UNUSED_FUNCTION = YES;
				GCC_WARN_UNUSED_VARIABLE = YES;
				IPHONEOS_DEPLOYMENT_TARGET = 15.5;
				MTL_ENABLE_DEBUG_INFO = NO;
				MTL_FAST_MATH = YES;
				SDKROOT = iphoneos;
				SWIFT_COMPILATION_MODE = wholemodule;
				SWIFT_OPTIMIZATION_LEVEL = "-O";
				VALIDATE_PRODUCT = YES;
			};
			name = Release;
		};
		631DAF842A3FE8BD008B5C48 /* Debug */ = {
			isa = XCBuildConfiguration;
			buildSettings = {
				ASSETCATALOG_COMPILER_APPICON_NAME = AppIcon;
				ASSETCATALOG_COMPILER_GLOBAL_ACCENT_COLOR_NAME = AccentColor;
				CODE_SIGN_STYLE = Automatic;
				CURRENT_PROJECT_VERSION = 1;
				DEVELOPMENT_ASSET_PATHS = "\"GreenLampApp/Preview Content\"";
				ENABLE_PREVIEWS = YES;
				GENERATE_INFOPLIST_FILE = YES;
				INFOPLIST_KEY_UIApplicationSceneManifest_Generation = YES;
				INFOPLIST_KEY_UIApplicationSupportsIndirectInputEvents = YES;
				INFOPLIST_KEY_UILaunchScreen_Generation = YES;
				INFOPLIST_KEY_UISupportedInterfaceOrientations_iPad = "UIInterfaceOrientationPortrait UIInterfaceOrientationPortraitUpsideDown UIInterfaceOrientationLandscapeLeft UIInterfaceOrientationLandscapeRight";
				INFOPLIST_KEY_UISupportedInterfaceOrientations_iPhone = "UIInterfaceOrientationPortrait UIInterfaceOrientationLandscapeLeft UIInterfaceOrientationLandscapeRight";
				LD_RUNPATH_SEARCH_PATHS = (
					"$(inherited)",
					"@executable_path/Frameworks",
				);
				MARKETING_VERSION = 1.0;
				PRODUCT_BUNDLE_IDENTIFIER = com.kine.GreenLampApp;
				PRODUCT_NAME = "$(TARGET_NAME)";
				SWIFT_EMIT_LOC_STRINGS = YES;
				SWIFT_VERSION = 5.0;
				TARGETED_DEVICE_FAMILY = "1,2";
			};
			name = Debug;
		};
		631DAF852A3FE8BD008B5C48 /* Release */ = {
			isa = XCBuildConfiguration;
			buildSettings = {
				ASSETCATALOG_COMPILER_APPICON_NAME = AppIcon;
				ASSETCATALOG_COMPILER_GLOBAL_ACCENT_COLOR_NAME = AccentColor;
				CODE_SIGN_STYLE = Automatic;
				CURRENT_PROJECT_VERSION = 1;
				DEVELOPMENT_ASSET_PATHS = "\"GreenLampApp/Preview Content\"";
				ENABLE_PREVIEWS = YES;
				GENERATE_INFOPLIST_FILE = YES;
				INFOPLIST_KEY_UIApplicationSceneManifest_Generation = YES;
				INFOPLIST_KEY_UIApplicationSupportsIndirectInputEvents = YES;
				INFOPLIST_KEY_UILaunchScreen_Generation = YES;
				INFOPLIST_KEY_UISupportedInterfaceOrientations_iPad = "UIInterfaceOrientationPortrait UIInterfaceOrientationPortraitUpsideDown UIInterfaceOrientationLandscapeLeft UIInterfaceOrientationLandscapeRight";
				INFOPLIST_KEY_UISupportedInterfaceOrientations_iPhone = "UIInterfaceOrientationPortrait UIInterfaceOrientationLandscapeLeft UIInterfaceOrientationLandscapeRight";
				LD_RUNPATH_SEARCH_PATHS = (
					"$(inherited)",
					"@executable_path/Frameworks",
				);
				MARKETING_VERSION = 1.0;
				PRODUCT_BUNDLE_IDENTIFIER = com.kine.GreenLampApp;
				PRODUCT_NAME = "$(TARGET_NAME)";
				SWIFT_EMIT_LOC_STRINGS = YES;
				SWIFT_VERSION = 5.0;
				TARGETED_DEVICE_FAMILY = "1,2";
			};
			name = Release;
		};
/* End XCBuildConfiguration section */

/* Begin XCConfigurationList section */
		631DAF702A3FE8BB008B5C48 /* Build configuration list for PBXProject "GreenLampApp" */ = {
			isa = XCConfigurationList;
			buildConfigurations = (
				631DAF812A3FE8BD008B5C48 /* Debug */,
				631DAF822A3FE8BD008B5C48 /* Release */,
			);
			defaultConfigurationIsVisible = 0;
			defaultConfigurationName = Release;
		};
		631DAF832A3FE8BD008B5C48 /* Build configuration list for PBXNativeTarget "GreenLampApp" */ = {
			isa = XCConfigurationList;
			buildConfigurations = (
				631DAF842A3FE8BD008B5C48 /* Debug */,
				631DAF852A3FE8BD008B5C48 /* Release */,
			);
			defaultConfigurationIsVisible = 0;
			defaultConfigurationName = Release;
		};
/* End XCConfigurationList section */
	};
	rootObject = 631DAF6D2A3FE8BB008B5C48 /* Project object */;
}
